GEM
  remote: https://rubygems.org/
  specs:
    activemodel (8.1.2)
      activesupport (= 8.1.2)
    activesupport (8.1.2)
      base64
      bigdecimal
      concurrent-ruby (~> 1.0, >= 1.3.1)
      connection_pool (>= 2.2.5)
      drb
      i18n (>= 1.6, < 2)
      json
      logger (>= 1.4.2)
      minitest (>= 5.1)
      securerandom (>= 0.3)
      tzinfo (~> 2.0, >= 2.0.5)
      uri (>= 0.13.1)
    addressable (2.8.8)
      public_suffix (>= 2.0.2, < 8.0)
    ast (2.4.3)
    aws-eventstream (1.4.0)
    aws-partitions (1.1215.0)
    aws-sdk-core (3.242.0)
      aws-eventstream (~> 1, >= 1.3.0)
      aws-partitions (~> 1, >= 1.992.0)
      aws-sigv4 (~> 1.9)
      base64
      bigdecimal
      jmespath (~> 1, >= 1.6.1)
      logger
    aws-sdk-dynamodb (1.162.0)
      aws-sdk-core (~> 3, >= 3.241.4)
      aws-sigv4 (~> 1.5)
    aws-sigv4 (1.12.1)
      aws-eventstream (~> 1, >= 1.0.2)
    axiom-types (0.1.1)
      descendants_tracker (~> 0.0.4)
      ice_nine (~> 0.11.0)
      thread_safe (~> 0.3, >= 0.3.1)
    base64 (0.3.0)
    bigdecimal (4.0.1)
    childprocess (5.1.0)
      logger (~> 1.5)
    coercible (1.0.0)
      descendants_tracker (~> 0.0.1)
    concurrent-ruby (1.3.6)
    connection_pool (3.0.2)
    crack (1.0.1)
      bigdecimal
      rexml
    descendants_tracker (0.0.4)
      thread_safe (~> 0.3, >= 0.3.1)
    discordrb (3.7.2)
      base64 (~> 0.2)
      discordrb-webhooks (~> 3.7.2)
      ffi (>= 1.9.24)
      opus-ruby
      rest-client (>= 2.0.0)
      websocket-client-simple (>= 0.9.0)
    discordrb-webhooks (3.7.2)
      rest-client (>= 2.0.0)
    docile (1.4.1)
    domain_name (0.6.20240107)
    drb (2.2.3)
    dry-configurable (1.3.0)
      dry-core (~> 1.1)
      zeitwerk (~> 2.6)
    dry-core (1.2.0)
      concurrent-ruby (~> 1.0)
      logger
      zeitwerk (~> 2.6)
    dry-inflector (1.3.1)
    dry-initializer (3.2.0)
    dry-logic (1.6.0)
      bigdecimal
      concurrent-ruby (~> 1.0)
      dry-core (~> 1.1)
      zeitwerk (~> 2.6)
    dry-schema (1.16.0)
      concurrent-ruby (~> 1.0)
      dry-configurable (~> 1.0, >= 1.0.1)
      dry-core (~> 1.1)
      dry-initializer (~> 3.2)
      dry-logic (~> 1.6)
      dry-types (~> 1.9, >= 1.9.1)
      zeitwerk (~> 2.6)
    dry-struct (1.8.0)
      dry-core (~> 1.1)
      dry-types (~> 1.8, >= 1.8.2)
      ice_nine (~> 0.11)
      zeitwerk (~> 2.6)
    dry-types (1.9.1)
      bigdecimal (>= 3.0)
      concurrent-ruby (~> 1.0)
      dry-core (~> 1.0)
      dry-inflector (~> 1.0)
      dry-logic (~> 1.4)
      zeitwerk (~> 2.6)
    dynamoid (3.12.1)
      activemodel (>= 4)
      aws-sdk-dynamodb (~> 1.0)
      concurrent-ruby (>= 1.0)
    erubi (1.13.1)
    event_emitter (0.2.6)
    faraday (2.14.1)
      faraday-net_http (>= 2.0, < 3.5)
      json
      logger
    faraday-multipart (1.2.0)
      multipart-post (~> 2.0)
    faraday-net_http (3.4.2)
      net-http (~> 0.5)
    ffi (1.17.3-aarch64-linux-gnu)
    ffi (1.17.3-aarch64-linux-musl)
    ffi (1.17.3-arm-linux-gnu)
    ffi (1.17.3-arm-linux-musl)
    ffi (1.17.3-arm64-darwin)
    ffi (1.17.3-x86-linux-gnu)
    ffi (1.17.3-x86-linux-musl)
    ffi (1.17.3-x86_64-darwin)
    ffi (1.17.3-x86_64-linux-gnu)
    ffi (1.17.3-x86_64-linux-musl)
    flay (2.14.2)
      erubi (~> 1.10)
      path_expander (~> 2.0)
      prism (~> 1.7)
      sexp_processor (~> 4.0)
    flog (4.9.4)
      path_expander (~> 2.0)
      prism (~> 1.7)
      sexp_processor (~> 4.8)
    hashdiff (1.2.1)
    http-accept (1.7.0)
    http-cookie (1.1.0)
      domain_name (~> 0.5)
    i18n (1.14.8)
      concurrent-ruby (~> 1.0)
    ice_nine (0.11.2)
    jmespath (1.6.2)
    json (2.18.1)
    json-schema (6.1.0)
      addressable (~> 2.8)
      bigdecimal (>= 3.1, < 5)
    kybus-bot (0.11.5)
      kybus-core (~> 0.1)
    kybus-configs (0.2.2)
      kybus-core (~> 0.1)
    kybus-core (0.2.2)
    kybus-logger (0.3.0)
    kybus-storage (0.2.1)
    language_server-protocol (3.17.0.5)
    launchy (3.1.1)
      addressable (~> 2.8)
      childprocess (~> 5.0)
      logger (~> 1.6)
    lint_roller (1.1.0)
    logger (1.7.0)
    mcp (0.8.0)
      json-schema (>= 4.1)
    mime-types (3.7.0)
      logger
      mime-types-data (~> 3.2025, >= 3.2025.0507)
    mime-types-data (3.2026.0203)
    minitest (6.0.1)
      prism (~> 1.5)
    mocha (2.8.2)
      ruby2_keywords (>= 0.0.5)
    multipart-post (2.4.1)
    mutex_m (0.3.0)
    net-http (0.9.1)
      uri (>= 0.11.1)
    netrc (0.11.0)
    opus-ruby (1.0.1)
      ffi
    ostruct (0.6.3)
    parallel (1.27.0)
    parser (3.3.10.2)
      ast (~> 2.4.1)
      racc
    path_expander (2.0.1)
    prism (1.9.0)
    public_suffix (7.0.2)
    racc (1.8.1)
    rainbow (3.1.1)
    rake (13.3.1)
    reek (6.5.0)
      dry-schema (~> 1.13)
      logger (~> 1.6)
      parser (~> 3.3.0)
      rainbow (>= 2.0, < 4.0)
      rexml (~> 3.1)
    regexp_parser (2.11.3)
    rest-client (2.1.0)
      http-accept (>= 1.7.0, < 2.0)
      http-cookie (>= 1.0.2, < 2.0)
      mime-types (>= 1.16, < 4.0)
      netrc (~> 0.8)
    rexml (3.4.4)
    rubocop (1.85.0)
      json (~> 2.3)
      language_server-protocol (~> 3.17.0.2)
      lint_roller (~> 1.1.0)
      mcp (~> 0.6)
      parallel (~> 1.10)
      parser (>= 3.3.0.2)
      rainbow (>= 2.2.2, < 4.0)
      regexp_parser (>= 2.9.3, < 3.0)
      rubocop-ast (>= 1.49.0, < 2.0)
      ruby-progressbar (~> 1.7)
      unicode-display_width (>= 2.4.0, < 4.0)
    rubocop-ast (1.49.0)
      parser (>= 3.3.7.2)
      prism (~> 1.7)
    ruby-progressbar (1.13.0)
    ruby2_keywords (0.0.5)
    ruby_parser (3.22.0)
      racc (~> 1.5)
      sexp_processor (~> 4.16)
    rubycritic (5.0.0)
      flay (~> 2.13)
      flog (~> 4.7)
      launchy (>= 2.5.2)
      ostruct
      parser (>= 3.3.0.5)
      prism (>= 1.6.0)
      rainbow (~> 3.1.1)
      reek (~> 6.5.0, < 7.0)
      rexml
      ruby_parser (~> 3.21)
      simplecov (>= 0.22.0)
      tty-which (~> 0.5.0)
      virtus (~> 2.0)
    securerandom (0.4.1)
    sequel (5.101.0)
      bigdecimal
    sexp_processor (4.17.5)
    simplecov (0.22.0)
      docile (~> 1.1)
      simplecov-html (~> 0.11)
      simplecov_json_formatter (~> 0.1)
    simplecov-html (0.13.2)
    simplecov_json_formatter (0.1.4)
    sqlite3 (2.9.0-aarch64-linux-gnu)
    sqlite3 (2.9.0-aarch64-linux-musl)
    sqlite3 (2.9.0-arm-linux-gnu)
    sqlite3 (2.9.0-arm-linux-musl)
    sqlite3 (2.9.0-arm64-darwin)
    sqlite3 (2.9.0-x86-linux-gnu)
    sqlite3 (2.9.0-x86-linux-musl)
    sqlite3 (2.9.0-x86_64-darwin)
    sqlite3 (2.9.0-x86_64-linux-gnu)
    sqlite3 (2.9.0-x86_64-linux-musl)
    telegram-bot-ruby (2.5.0)
      dry-struct (~> 1.6)
      faraday (~> 2.0)
      faraday-multipart (~> 1.0)
      zeitwerk (~> 2.6)
    thread_safe (0.3.6)
    tty-which (0.5.0)
    tzinfo (2.0.6)
      concurrent-ruby (~> 1.0)
    unicode-display_width (3.2.0)
      unicode-emoji (~> 4.1)
    unicode-emoji (4.2.0)
    uri (1.1.1)
    virtus (2.0.0)
      axiom-types (~> 0.1)
      coercible (~> 1.0)
      descendants_tracker (~> 0.0, >= 0.0.3)
    webmock (3.26.1)
      addressable (>= 2.8.0)
      crack (>= 0.3.2)
      hashdiff (>= 0.4.0, < 2.0.0)
    websocket (1.2.11)
    websocket-client-simple (0.9.0)
      base64
      event_emitter
      mutex_m
      websocket
    zeitwerk (2.7.4)

PLATFORMS
  aarch64-linux-gnu
  aarch64-linux-musl
  arm-linux-gnu
  arm-linux-musl
  arm64-darwin
  x86-linux-gnu
  x86-linux-musl
  x86_64-darwin
  x86_64-linux-gnu
  x86_64-linux-musl

DEPENDENCIES
  discordrb
  dynamoid
  kybus-bot
  kybus-configs
  kybus-logger
  kybus-storage
  minitest
  mocha (~> 2.7)
  rake
  rubocop
  rubycritic
  sequel (~> 5.101)
  simplecov (~> 0.22.0)
  sqlite3
  telegram-bot-ruby
  webmock (~> 3.26)

CHECKSUMS
  activemodel (8.1.2) sha256=e21358c11ce68aed3f9838b7e464977bc007b4446c6e4059781e1d5c03bcf33e
  activesupport (8.1.2) sha256=88842578ccd0d40f658289b0e8c842acfe9af751afee2e0744a7873f50b6fdae
  addressable (2.8.8) sha256=7c13b8f9536cf6364c03b9d417c19986019e28f7c00ac8132da4eb0fe393b057
  ast (2.4.3) sha256=954615157c1d6a382bc27d690d973195e79db7f55e9765ac7c481c60bdb4d383
  aws-eventstream (1.4.0) sha256=116bf85c436200d1060811e6f5d2d40c88f65448f2125bc77ffce5121e6e183b
  aws-partitions (1.1215.0) sha256=462be54e811a42a5d6b9cf0403e9a79dd46fac2031a9e98019328c49ad584b87
  aws-sdk-core (3.242.0) sha256=c17b3003acc78d80c1a8437b285a1cfc5e4d7749ce7821cf3071e847535a29a0
  aws-sdk-dynamodb (1.162.0) sha256=eb95617f7bef8ec7527dd32dfd7c3a9dbe92afac1548a81b58dfd01db8a4c2b3
  aws-sigv4 (1.12.1) sha256=6973ff95cb0fd0dc58ba26e90e9510a2219525d07620c8babeb70ef831826c00
  axiom-types (0.1.1) sha256=c1ff113f3de516fa195b2db7e0a9a95fd1b08475a502ff660d04507a09980383
  base64 (0.3.0) sha256=27337aeabad6ffae05c265c450490628ef3ebd4b67be58257393227588f5a97b
  bigdecimal (4.0.1) sha256=8b07d3d065a9f921c80ceaea7c9d4ae596697295b584c296fe599dd0ad01c4a7
  childprocess (5.1.0) sha256=9a8d484be2fd4096a0e90a0cd3e449a05bc3aa33f8ac9e4d6dcef6ac1455b6ec
  coercible (1.0.0) sha256=5081ad24352cc8435ce5472bc2faa30260c7ea7f2102cc6a9f167c4d9bffaadc
  concurrent-ruby (1.3.6) sha256=6b56837e1e7e5292f9864f34b69c5a2cbc75c0cf5338f1ce9903d10fa762d5ab
  connection_pool (3.0.2) sha256=33fff5ba71a12d2aa26cb72b1db8bba2a1a01823559fb01d29eb74c286e62e0a
  crack (1.0.1) sha256=ff4a10390cd31d66440b7524eb1841874db86201d5b70032028553130b6d4c7e
  descendants_tracker (0.0.4) sha256=e9c41dd4cfbb85829a9301ea7e7c48c2a03b26f09319db230e6479ccdc780897
  discordrb (3.7.2) sha256=a9a32f485e639a1e63313479b40a7b49100b1b50eb74ed17b8bd413e01a3b46f
  discordrb-webhooks (3.7.2) sha256=154d8c3a31aaeb6d580456b9624e0486c28812dcc19b51d91c43a6c5600112ea
  docile (1.4.1) sha256=96159be799bfa73cdb721b840e9802126e4e03dfc26863db73647204c727f21e
  domain_name (0.6.20240107) sha256=5f693b2215708476517479bf2b3802e49068ad82167bcd2286f899536a17d933
  drb (2.2.3) sha256=0b00d6fdb50995fe4a45dea13663493c841112e4068656854646f418fda13373
  dry-configurable (1.3.0) sha256=882d862858567fc1210d2549d4c090f34370fc1bb7c5c1933de3fe792e18afa8
  dry-core (1.2.0) sha256=0cc5a7da88df397f153947eeeae42e876e999c1e30900f3c536fb173854e96a1
  dry-inflector (1.3.1) sha256=7fb0c2bb04f67638f25c52e7ba39ab435d922a3a5c3cd196120f63accb682dcc
  dry-initializer (3.2.0) sha256=37d59798f912dc0a1efe14a4db4a9306989007b302dcd5f25d0a2a20c166c4e3
  dry-logic (1.6.0) sha256=da6fedbc0f90fc41f9b0cc7e6f05f5d529d1efaef6c8dcc8e0733f685745cea2
  dry-schema (1.16.0) sha256=cd3aaeabc0f1af66ec82a29096d4c4fb92a0a58b9dae29a22b1bbceb78985727
  dry-struct (1.8.0) sha256=74c38b559924fb6462ac43ec780c4533a082d7b1d238a8d7857b773b3b8e2966
  dry-types (1.9.1) sha256=baebeecdb9f8395d6c9d227b62011279440943e3ef2468fe8ccc1ba11467f178
  dynamoid (3.12.1) sha256=c005ee9cbaa364f98a27bcc4818672be1361bc6b37d62a96df3a54f320bb8b69
  erubi (1.13.1) sha256=a082103b0885dbc5ecf1172fede897f9ebdb745a4b97a5e8dc63953db1ee4ad9
  event_emitter (0.2.6) sha256=c72697bd5cce9d36594be1972c17f1c9a573236f44303a4d1d548080364e1391
  faraday (2.14.1) sha256=a43cceedc1e39d188f4d2cdd360a8aaa6a11da0c407052e426ba8d3fb42ef61c
  faraday-multipart (1.2.0) sha256=7d89a949693714176f612323ca13746a2ded204031a6ba528adee788694ef757
  faraday-net_http (3.4.2) sha256=f147758260d3526939bf57ecf911682f94926a3666502e24c69992765875906c
  ffi (1.17.3-aarch64-linux-gnu) sha256=28ad573df26560f0aedd8a90c3371279a0b2bd0b4e834b16a2baa10bd7a97068
  ffi (1.17.3-aarch64-linux-musl) sha256=020b33b76775b1abacc3b7d86b287cef3251f66d747092deec592c7f5df764b2
  ffi (1.17.3-arm-linux-gnu) sha256=5bd4cea83b68b5ec0037f99c57d5ce2dd5aa438f35decc5ef68a7d085c785668
  ffi (1.17.3-arm-linux-musl) sha256=0d7626bb96265f9af78afa33e267d71cfef9d9a8eb8f5525344f8da6c7d76053
  ffi (1.17.3-arm64-darwin) sha256=0c690555d4cee17a7f07c04d59df39b2fba74ec440b19da1f685c6579bb0717f
  ffi (1.17.3-x86-linux-gnu) sha256=868a88fcaf5186c3a46b7c7c2b2c34550e1e61a405670ab23f5b6c9971529089
  ffi (1.17.3-x86-linux-musl) sha256=f0286aa6ef40605cf586e61406c446de34397b85dbb08cc99fdaddaef8343945
  ffi (1.17.3-x86_64-darwin) sha256=1f211811eb5cfaa25998322cdd92ab104bfbd26d1c4c08471599c511f2c00bb5
  ffi (1.17.3-x86_64-linux-gnu) sha256=3746b01f677aae7b16dc1acb7cb3cc17b3e35bdae7676a3f568153fb0e2c887f
  ffi (1.17.3-x86_64-linux-musl) sha256=086b221c3a68320b7564066f46fed23449a44f7a1935f1fe5a245bd89d9aea56
  flay (2.14.2) sha256=d153a8928a0b6f74d4aab7a97577b12440d02df928ffbafb6ebe4bb6730a53f8
  flog (4.9.4) sha256=12cc054fab7a2cbd2a906514397c4d7788954d530564782d6f14939dc2dfbcbb
  hashdiff (1.2.1) sha256=9c079dbc513dfc8833ab59c0c2d8f230fa28499cc5efb4b8dd276cf931457cd1
  http-accept (1.7.0) sha256=c626860682bfbb3b46462f8c39cd470fd7b0584f61b3cc9df5b2e9eb9972a126
  http-cookie (1.1.0) sha256=38a5e60d1527eebc396831b8c4b9455440509881219273a6c99943d29eadbb19
  i18n (1.14.8) sha256=285778639134865c5e0f6269e0b818256017e8cde89993fdfcbfb64d088824a5
  ice_nine (0.11.2) sha256=5d506a7d2723d5592dc121b9928e4931742730131f22a1a37649df1c1e2e63db
  jmespath (1.6.2) sha256=238d774a58723d6c090494c8879b5e9918c19485f7e840f2c1c7532cf84ebcb1
  json (2.18.1) sha256=fe112755501b8d0466b5ada6cf50c8c3f41e897fa128ac5d263ec09eedc9f986
  json-schema (6.1.0) sha256=6bf70a2cfb6dfd5a06da28093fa8190f324c88eabd36a7f47097f227321dc702
  kybus-bot (0.11.5) sha256=f258615bc0754eba2df802d754728194ea44b2dd7af6352d0bbea9a60936e20b
  kybus-configs (0.2.2) sha256=11baccd1c12707ea4c32851c48c84e807454d9ec78c439fd8ee8f251367ffbb3
  kybus-core (0.2.2) sha256=f1ab8e357e43f516df2957dd8a43b5599f7d60a9844addf8ac31f0d43f65ad15
  kybus-logger (0.3.0) sha256=9785629d894cfd7ab38181ab6af430295d0cdbcdafafc8e854231ae2303be090
  kybus-storage (0.2.1) sha256=5cd303e050a4558c45ea0d33fcfbe82b3f1fd9b5af19ab098cb4470987cf949a
  language_server-protocol (3.17.0.5) sha256=fd1e39a51a28bf3eec959379985a72e296e9f9acfce46f6a79d31ca8760803cc
  launchy (3.1.1) sha256=72b847b5cc961589dde2c395af0108c86ff0119f42d4648d25b5440ebb10059e
  lint_roller (1.1.0) sha256=2c0c845b632a7d172cb849cc90c1bce937a28c5c8ccccb50dfd46a485003cc87
  logger (1.7.0) sha256=196edec7cc44b66cfb40f9755ce11b392f21f7967696af15d274dde7edff0203
  mcp (0.8.0) sha256=ae8bd146bb8e168852866fd26f805f52744f6326afb3211e073f78a95e0c34fb
  mime-types (3.7.0) sha256=dcebf61c246f08e15a4de34e386ebe8233791e868564a470c3fe77c00eed5e56
  mime-types-data (3.2026.0203) sha256=54353d693af028847391c28361c07d4b8b689cad78c3e1cc272fb1205c6d2a2f
  minitest (6.0.1) sha256=7854c74f48e2e975969062833adc4013f249a4b212f5e7b9d5c040bf838d54bb
  mocha (2.8.2) sha256=1f77e729db47e72b4ef776461ce20caeec2572ffdf23365b0a03608fee8f4eee
  multipart-post (2.4.1) sha256=9872d03a8e552020ca096adadbf5e3cb1cd1cdd6acd3c161136b8a5737cdb4a8
  mutex_m (0.3.0) sha256=cfcb04ac16b69c4813777022fdceda24e9f798e48092a2b817eb4c0a782b0751
  net-http (0.9.1) sha256=25ba0b67c63e89df626ed8fac771d0ad24ad151a858af2cc8e6a716ca4336996
  netrc (0.11.0) sha256=de1ce33da8c99ab1d97871726cba75151113f117146becbe45aa85cb3dabee3f
  opus-ruby (1.0.1) sha256=8dc808d6773a488469374cccf252808b2ad7bc7e00229a319832f0e09012ce53
  ostruct (0.6.3) sha256=95a2ed4a4bd1d190784e666b47b2d3f078e4a9efda2fccf18f84ddc6538ed912
  parallel (1.27.0) sha256=4ac151e1806b755fb4e2dc2332cbf0e54f2e24ba821ff2d3dcf86bf6dc4ae130
  parser (3.3.10.2) sha256=6f60c84aa4bdcedb6d1a2434b738fe8a8136807b6adc8f7f53b97da9bc4e9357
  path_expander (2.0.1) sha256=2de201164bff4719cc4d0b3767286e9977cc832a59c4d70abab571ec86cb41e4
  prism (1.9.0) sha256=7b530c6a9f92c24300014919c9dcbc055bf4cdf51ec30aed099b06cd6674ef85
  public_suffix (7.0.2) sha256=9114090c8e4e7135c1fd0e7acfea33afaab38101884320c65aaa0ffb8e26a857
  racc (1.8.1) sha256=4a7f6929691dbec8b5209a0b373bc2614882b55fc5d2e447a21aaa691303d62f
  rainbow (3.1.1) sha256=039491aa3a89f42efa1d6dec2fc4e62ede96eb6acd95e52f1ad581182b79bc6a
  rake (13.3.1) sha256=8c9e89d09f66a26a01264e7e3480ec0607f0c497a861ef16063604b1b08eb19c
  reek (6.5.0) sha256=d26d3a492773b2bbc228888067a21afe33ac07954a17dbd64cdeae42c4c69be1
  regexp_parser (2.11.3) sha256=ca13f381a173b7a93450e53459075c9b76a10433caadcb2f1180f2c741fc55a4
  rest-client (2.1.0) sha256=35a6400bdb14fae28596618e312776c158f7ebbb0ccad752ff4fa142bf2747e3
  rexml (3.4.4) sha256=19e0a2c3425dfbf2d4fc1189747bdb2f849b6c5e74180401b15734bc97b5d142
  rubocop (1.85.0) sha256=317407feb681a07d54f64d2f9e1d6b6af1ce7678e51cd658e3ad8bd66da48c01
  rubocop-ast (1.49.0) sha256=49c3676d3123a0923d333e20c6c2dbaaae2d2287b475273fddee0c61da9f71fd
  ruby-progressbar (1.13.0) sha256=80fc9c47a9b640d6834e0dc7b3c94c9df37f08cb072b7761e4a71e22cff29b33
  ruby2_keywords (0.0.5) sha256=ffd13740c573b7301cf7a2e61fc857b2a8e3d3aff32545d6f8300d8bae10e3ef
  ruby_parser (3.22.0) sha256=1eb4937cd9eb220aa2d194e352a24dba90aef00751e24c8dfffdb14000f15d23
  rubycritic (5.0.0) sha256=7f3877556d7f52bf0980496b7c907a827a9592ba690b80a593403a60bd6cfb42
  securerandom (0.4.1) sha256=cc5193d414a4341b6e225f0cb4446aceca8e50d5e1888743fac16987638ea0b1
  sequel (5.101.0) sha256=d2ae3fd997a7c4572e8357918e777869faf90dc19310fcd6332747122aed2b29
  sexp_processor (4.17.5) sha256=ae2b48ba98353d5d465ce8759836b7a05f2e12c5879fcd14d7815b026de32f0e
  simplecov (0.22.0) sha256=fe2622c7834ff23b98066bb0a854284b2729a569ac659f82621fc22ef36213a5
  simplecov-html (0.13.2) sha256=bd0b8e54e7c2d7685927e8d6286466359b6f16b18cb0df47b508e8d73c777246
  simplecov_json_formatter (0.1.4) sha256=529418fbe8de1713ac2b2d612aa3daa56d316975d307244399fa4838c601b428
  sqlite3 (2.9.0-aarch64-linux-gnu) sha256=cfe1e0216f46d7483839719bf827129151e6c680317b99d7b8fc1597a3e13473
  sqlite3 (2.9.0-aarch64-linux-musl) sha256=56a35cb2d70779afc2ac191baf2c2148242285ecfed72f9b021218c5c4917913
  sqlite3 (2.9.0-arm-linux-gnu) sha256=a19a21504b0d7c8c825fbbf37b358ae316b6bd0d0134c619874060b2eef05435
  sqlite3 (2.9.0-arm-linux-musl) sha256=fca5b26197c70e3363115d3faaea34d7b2ad9c7f5fa8d8312e31b64e7556ee07
  sqlite3 (2.9.0-arm64-darwin) sha256=a917bd9b84285766ff3300b7d79cd583f5a067594c8c1263e6441618c04a6ed3
  sqlite3 (2.9.0-x86-linux-gnu) sha256=47317ba230f6c2c361981aa5fc1bf9de1b99727317171393ba90abab092c5b5f
  sqlite3 (2.9.0-x86-linux-musl) sha256=b627f3a2ca59aaaa5e10b8666cdbd7122469b49afa4bd895133cecb7b5c1368d
  sqlite3 (2.9.0-x86_64-darwin) sha256=59fe51baa3cb33c36d27ce78b4ed9360cd33ccca09498c2ae63850c97c0a6026
  sqlite3 (2.9.0-x86_64-linux-gnu) sha256=72fff9bd750070ba3af695511ba5f0e0a2d8a9206f84869640b3e99dfaf3d5a5
  sqlite3 (2.9.0-x86_64-linux-musl) sha256=ef716ba7a66d7deb1ccc402ac3a6d7343da17fac862793b7f0be3d2917253c90
  telegram-bot-ruby (2.5.0) sha256=3ac4b7a6cc967457d266e83d64e7984526b5dc172cd1aebacf34350121e25196
  thread_safe (0.3.6) sha256=9ed7072821b51c57e8d6b7011a8e282e25aeea3a4065eab326e43f66f063b05a
  tty-which (0.5.0) sha256=5824055f0d6744c97e7c4426544f01d519c40d1806ef2ef47d9854477993f466
  tzinfo (2.0.6) sha256=8daf828cc77bcf7d63b0e3bdb6caa47e2272dcfaf4fbfe46f8c3a9df087a829b
  unicode-display_width (3.2.0) sha256=0cdd96b5681a5949cdbc2c55e7b420facae74c4aaf9a9815eee1087cb1853c42
  unicode-emoji (4.2.0) sha256=519e69150f75652e40bf736106cfbc8f0f73aa3fb6a65afe62fefa7f80b0f80f
  uri (1.1.1) sha256=379fa58d27ffb1387eaada68c749d1426738bd0f654d812fcc07e7568f5c57c6
  virtus (2.0.0) sha256=8841dae4eb7fcc097320ba5ea516bf1839e5d056c61ee27138aa4bddd6e3d1c2
  webmock (3.26.1) sha256=4f696fb57c90a827c20aadb2d4f9058bbff10f7f043bd0d4c3f58791143b1cd7
  websocket (1.2.11) sha256=b7e7a74e2410b5e85c25858b26b3322f29161e300935f70a0e0d3c35e0462737
  websocket-client-simple (0.9.0) sha256=f9a37c5e4922b35a711e21e6d73ed1e25892efa47d183203ab2f5beb4e563109
  zeitwerk (2.7.4) sha256=2bef90f356bdafe9a6c2bd32bcd804f83a4f9b8bc27f3600fff051eb3edcec8b

BUNDLED WITH
  4.0.6
